
Microsoft Visual Studio Solution File, Format Version 12.00
# Visual Studio Version 17
VisualStudioVersion = 17.0.31903.59
MinimumVisualStudioVersion = 10.0.40219.1
Project("{FAE04EC0-301F-11D3-BF4B-00C04F79EFBC}") = "CLI.Thera", "CLI.Thera\CLI.Thera.csproj", "{0AF3C29B-CC4C-4986-B101-A17A16019B39}"
EndProject
Project("{FAE04EC0-301F-11D3-BF4B-00C04F79EFBC}") = "Library.Thera", "Library.Thera\Library.Thera.csproj", "{C15A23AB-5F1B-4B0A-8F61-2B401D11E5F0}"
EndProject
Project("{FAE04EC0-301F-11D3-BF4B-00C04F79EFBC}") = "Maui.Thera", "Maui.Thera\Maui.Thera.csproj", "{3F38B44A-6657-4E4C-92C4-5F35A00E8A07}"
EndProject
Project("{FAE04EC0-301F-11D3-BF4B-00C04F79EFBC}") = "Thera.Api", "Thera.Api\Thera.Api.csproj", "{70AB7CC0-DC62-45C1-83F5-6EBF9178040B}"
EndProject
Global
	GlobalSection(SolutionConfigurationPlatforms) = preSolution
		Debug|Any CPU = Debug|Any CPU
		Debug|x64 = Debug|x64
		Debug|x86 = Debug|x86
		Release|Any CPU = Release|Any CPU
		Release|x64 = Release|x64
		Release|x86 = Release|x86
	EndGlobalSection
	GlobalSection(ProjectConfigurationPlatforms) = postSolution
		{0AF3C29B-CC4C-4986-B101-A17A16019B39}.Debug|Any CPU.ActiveCfg = Debug|Any CPU
		{0AF3C29B-CC4C-4986-B101-A17A16019B39}.Debug|Any CPU.Build.0 = Debug|Any CPU
		{0AF3C29B-CC4C-4986-B101-A17A16019B39}.Debug|x64.ActiveCfg = Debug|Any CPU
		{0AF3C29B-CC4C-4986-B101-A17A16019B39}.Debug|x64.Build.0 = Debug|Any CPU
		{0AF3C29B-CC4C-4986-B101-A17A16019B39}.Debug|x86.ActiveCfg = Debug|Any CPU
		{0AF3C29B-CC4C-4986-B101-A17A16019B39}.Debug|x86.Build.0 = Debug|Any CPU
		{0AF3C29B-CC4C-4986-B101-A17A16019B39}.Release|Any CPU.ActiveCfg = Release|Any CPU
		{0AF3C29B-CC4C-4986-B101-A17A16019B39}.Release|Any CPU.Build.0 = Release|Any CPU
		{0AF3C29B-CC4C-4986-B101-A17A16019B39}.Release|x64.ActiveCfg = Release|Any CPU
		{0AF3C29B-CC4C-4986-B101-A17A16019B39}.Release|x64.Build.0 = Release|Any CPU
		{0AF3C29B-CC4C-4986-B101-A17A16019B39}.Release|x86.ActiveCfg = Release|Any CPU
		{0AF3C29B-CC4C-4986-B101-A17A16019B39}.Release|x86.Build.0 = Release|Any CPU
		{C15A23AB-5F1B-4B0A-8F61-2B401D11E5F0}.Debug|Any CPU.ActiveCfg = Debug|Any CPU
		{C15A23AB-5F1B-4B0A-8F61-2B401D11E5F0}.Debug|Any CPU.Build.0 = Debug|Any CPU
		{C15A23AB-5F1B-4B0A-8F61-2B401D11E5F0}.Debug|x64.ActiveCfg = Debug|Any CPU
		{C15A23AB-5F1B-4B0A-8F61-2B401D11E5F0}.Debug|x64.Build.0 = Debug|Any CPU
		{C15A23AB-5F1B-4B0A-8F61-2B401D11E5F0}.Debug|x86.ActiveCfg = Debug|Any CPU
		{C15A23AB-5F1B-4B0A-8F61-2B401D11E5F0}.Debug|x86.Build.0 = Debug|Any CPU
		{C15A23AB-5F1B-4B0A-8F61-2B401D11E5F0}.Release|Any CPU.ActiveCfg = Release|Any CPU
		{C15A23AB-5F1B-4B0A-8F61-2B401D11E5F0}.Release|Any CPU.Build.0 = Release|Any CPU
		{C15A23AB-5F1B-4B0A-8F61-2B401D11E5F0}.Release|x64.ActiveCfg = Release|Any CPU
		{C15A23AB-5F1B-4B0A-8F61-2B401D11E5F0}.Release|x64.Build.0 = Release|Any CPU
		{C15A23AB-5F1B-4B0A-8F61-2B401D11E5F0}.Release|x86.ActiveCfg = Release|Any CPU
		{C15A23AB-5F1B-4B0A-8F61-2B401D11E5F0}.Release|x86.Build.0 = Release|Any CPU
		{3F38B44A-6657-4E4C-92C4-5F35A00E8A07}.Debug|Any CPU.ActiveCfg = Debug|Any CPU
		{3F38B44A-6657-4E4C-92C4-5F35A00E8A07}.Debug|Any CPU.Build.0 = Debug|Any CPU
		{3F38B44A-6657-4E4C-92C4-5F35A00E8A07}.Debug|x64.ActiveCfg = Debug|Any CPU
		{3F38B44A-6657-4E4C-92C4-5F35A00E8A07}.Debug|x64.Build.0 = Debug|Any CPU
		{3F38B44A-6657-4E4C-92C4-5F35A00E8A07}.Debug|x86.ActiveCfg = Debug|Any CPU
		{3F38B44A-6657-4E4C-92C4-5F35A00E8A07}.Debug|x86.Build.0 = Debug|Any CPU
		{3F38B44A-6657-4E4C-92C4-5F35A00E8A07}.Release|Any CPU.ActiveCfg = Release|Any CPU
		{3F38B44A-6657-4E4C-92C4-5F35A00E8A07}.Release|Any CPU.Build.0 = Release|Any CPU
		{3F38B44A-6657-4E4C-92C4-5F35A00E8A07}.Release|x64.ActiveCfg = Release|Any CPU
		{3F38B44A-6657-4E4C-92C4-5F35A00E8A07}.Release|x64.Build.0 = Release|Any CPU
		{3F38B44A-6657-4E4C-92C4-5F35A00E8A07}.Release|x86.ActiveCfg = Release|Any CPU
		{3F38B44A-6657-4E4C-92C4-5F35A00E8A07}.Release|x86.Build.0 = Release|Any CPU
		{70AB7CC0-DC62-45C1-83F5-6EBF9178040B}.Debug|Any CPU.ActiveCfg = Debug|Any CPU
		{70AB7CC0-DC62-45C1-83F5-6EBF9178040B}.Debug|Any CPU.Build.0 = Debug|Any CPU
		{70AB7CC0-DC62-45C1-83F5-6EBF9178040B}.Debug|x64.ActiveCfg = Debug|Any CPU
		{70AB7CC0-DC62-45C1-83F5-6EBF9178040B}.Debug|x64.Build.0 = Debug|Any CPU
		{70AB7CC0-DC62-45C1-83F5-6EBF9178040B}.Debug|x86.ActiveCfg = Debug|Any CPU
		{70AB7CC0-DC62-45C1-83F5-6EBF9178040B}.Debug|x86.Build.0 = Debug|Any CPU
		{70AB7CC0-DC62-45C1-83F5-6EBF9178040B}.Release|Any CPU.ActiveCfg = Release|Any CPU
		{70AB7CC0-DC62-45C1-83F5-6EBF9178040B}.Release|Any CPU.Build.0 = Release|Any CPU
		{70AB7CC0-DC62-45C1-83F5-6EBF9178040B}.Release|x64.ActiveCfg = Release|Any CPU
		{70AB7CC0-DC62-45C1-83F5-6EBF9178040B}.Release|x64.Build.0 = Release|Any CPU
		{70AB7CC0-DC62-45C1-83F5-6EBF9178040B}.Release|x86.ActiveCfg = Release|Any CPU
		{70AB7CC0-DC62-45C1-83F5-6EBF9178040B}.Release|x86.Build.0 = Release|Any CPU
	EndGlobalSection
	GlobalSection(SolutionProperties) = preSolution
		HideSolutionNode = FALSE
	EndGlobalSection
EndGlobal
